
Microsoft Visual Studio Solution File, Format Version 12.00
# Visual Studio Version 16
VisualStudioVersion = 16.0.32002.261
MinimumVisualStudioVersion = 10.0.40219.1
Project("{FAE04EC0-301F-11D3-BF4B-00C04F79EFBC}") = "Zoo", "Zoo\Zoo.csproj", "{89B163F7-E5CB-4451-8FBF-99DE45E3BBE5}"
EndProject
Global
	GlobalSection(SolutionConfigurationPlatforms) = preSolution
		Debug|Any CPU = Debug|Any CPU
		Release|Any CPU = Release|Any CPU
	EndGlobalSection
	GlobalSection(ProjectConfigurationPlatforms) = postSolution
		{89B163F7-E5CB-4451-8FBF-99DE45E3BBE5}.Debug|Any CPU.ActiveCfg = Debug|Any CPU
		{89B163F7-E5CB-4451-8FBF-99DE45E3BBE5}.Debug|Any CPU.Build.0 = Debug|Any CPU
		{89B163F7-E5CB-4451-8FBF-99DE45E3BBE5}.Release|Any CPU.ActiveCfg = Release|Any CPU
		{89B163F7-E5CB-4451-8FBF-99DE45E3BBE5}.Release|Any CPU.Build.0 = Release|Any CPU
	EndGlobalSection
	GlobalSection(SolutionProperties) = preSolution
		HideSolutionNode = FALSE
	EndGlobalSection
	GlobalSection(ExtensibilityGlobals) = postSolution
		SolutionGuid = {ED38D24B-0705-490A-875F-0062630697D2}
	EndGlobalSection
EndGlobal
